
Microsoft Visual Studio Solution File, Format Version 12.00
# Visual Studio 15
Project("{FAE04EC0-301F-11D3-BF4B-00C04F79EFBC}") = "Assembly-CSharp", "Assembly-CSharp.csproj", "{B64FDE0C-92B5-66E6-AA86-D72102B27BE0}"
EndProject
Project("{FAE04EC0-301F-11D3-BF4B-00C04F79EFBC}") = "Assembly-CSharp-Editor", "Assembly-CSharp-Editor.csproj", "{D3FF0E69-8166-B255-FA5A-B0B5AB0AE214}"
EndProject
Global
	GlobalSection(SolutionConfigurationPlatforms) = preSolution
		Debug|Any CPU = Debug|Any CPU
		Release|Any CPU = Release|Any CPU
	EndGlobalSection
	GlobalSection(ProjectConfigurationPlatforms) = postSolution
		{B64FDE0C-92B5-66E6-AA86-D72102B27BE0}.Debug|Any CPU.ActiveCfg = Debug|Any CPU
		{B64FDE0C-92B5-66E6-AA86-D72102B27BE0}.Debug|Any CPU.Build.0 = Debug|Any CPU
		{B64FDE0C-92B5-66E6-AA86-D72102B27BE0}.Release|Any CPU.ActiveCfg = Release|Any CPU
		{B64FDE0C-92B5-66E6-AA86-D72102B27BE0}.Release|Any CPU.Build.0 = Release|Any CPU
		{D3FF0E69-8166-B255-FA5A-B0B5AB0AE214}.Debug|Any CPU.ActiveCfg = Debug|Any CPU
		{D3FF0E69-8166-B255-FA5A-B0B5AB0AE214}.Debug|Any CPU.Build.0 = Debug|Any CPU
		{D3FF0E69-8166-B255-FA5A-B0B5AB0AE214}.Release|Any CPU.ActiveCfg = Release|Any CPU
		{D3FF0E69-8166-B255-FA5A-B0B5AB0AE214}.Release|Any CPU.Build.0 = Release|Any CPU
	EndGlobalSection
	GlobalSection(SolutionProperties) = preSolution
		HideSolutionNode = FALSE
	EndGlobalSection
EndGlobal
